
Microsoft Visual Studio Solution File, Format Version 12.00
# Visual Studio 15
VisualStudioVersion = 15.0.26430.13
MinimumVisualStudioVersion = 10.0.40219.1
Project("{FAE04EC0-301F-11D3-BF4B-00C04F79EFBC}") = "Greetings", "Greetings\Greetings.csproj", "{357E47DD-5A0A-4F94-A021-A2340C3C1945}"
EndProject
Project("{FAE04EC0-301F-11D3-BF4B-00C04F79EFBC}") = "GreetingsFramework", "GreetingsFramework\GreetingsFramework.csproj", "{99E653A1-A027-4554-B68A-68F65030B475}"
EndProject
Global
	GlobalSection(SolutionConfigurationPlatforms) = preSolution
		Debug|Any CPU = Debug|Any CPU
		Release|Any CPU = Release|Any CPU
	EndGlobalSection
	GlobalSection(ProjectConfigurationPlatforms) = postSolution
		{357E47DD-5A0A-4F94-A021-A2340C3C1945}.Debug|Any CPU.ActiveCfg = Debug|Any CPU
		{357E47DD-5A0A-4F94-A021-A2340C3C1945}.Debug|Any CPU.Build.0 = Debug|Any CPU
		{357E47DD-5A0A-4F94-A021-A2340C3C1945}.Release|Any CPU.ActiveCfg = Release|Any CPU
		{357E47DD-5A0A-4F94-A021-A2340C3C1945}.Release|Any CPU.Build.0 = Release|Any CPU
		{99E653A1-A027-4554-B68A-68F65030B475}.Debug|Any CPU.ActiveCfg = Debug|Any CPU
		{99E653A1-A027-4554-B68A-68F65030B475}.Debug|Any CPU.Build.0 = Debug|Any CPU
		{99E653A1-A027-4554-B68A-68F65030B475}.Release|Any CPU.ActiveCfg = Release|Any CPU
		{99E653A1-A027-4554-B68A-68F65030B475}.Release|Any CPU.Build.0 = Release|Any CPU
	EndGlobalSection
	GlobalSection(SolutionProperties) = preSolution
		HideSolutionNode = FALSE
	EndGlobalSection
EndGlobal
